
Microsoft Visual Studio Solution File, Format Version 12.00
# Visual Studio 15
VisualStudioVersion = 15.0.27130.2020
MinimumVisualStudioVersion = 10.0.40219.1
Project("{FAE04EC0-301F-11D3-BF4B-00C04F79EFBC}") = "vehicleManager", "vehicleManager\vehicleManager.csproj", "{8A158547-8734-4814-9588-6E830DC920EE}"
EndProject
Global
	GlobalSection(SolutionConfigurationPlatforms) = preSolution
		Debug|Any CPU = Debug|Any CPU
		Release|Any CPU = Release|Any CPU
	EndGlobalSection
	GlobalSection(ProjectConfigurationPlatforms) = postSolution
		{8A158547-8734-4814-9588-6E830DC920EE}.Debug|Any CPU.ActiveCfg = Debug|Any CPU
		{8A158547-8734-4814-9588-6E830DC920EE}.Debug|Any CPU.Build.0 = Debug|Any CPU
		{8A158547-8734-4814-9588-6E830DC920EE}.Release|Any CPU.ActiveCfg = Release|Any CPU
		{8A158547-8734-4814-9588-6E830DC920EE}.Release|Any CPU.Build.0 = Release|Any CPU
	EndGlobalSection
	GlobalSection(SolutionProperties) = preSolution
		HideSolutionNode = FALSE
	EndGlobalSection
	GlobalSection(ExtensibilityGlobals) = postSolution
		SolutionGuid = {209C57DC-49C3-40DE-811E-25BACB81EBD2}
	EndGlobalSection
EndGlobal
